
Microsoft Visual Studio Solution File, Format Version 12.00
# Visual Studio 15
VisualStudioVersion = 15.0.26730.3
MinimumVisualStudioVersion = 10.0.40219.1
Project("{9A19103F-16F7-4668-BE54-9A1E7A4F7556}") = "SnapCardGame", "SnapCardGame\SnapCardGame.csproj", "{EADE22DF-D514-4233-AC35-FABBFC1B5C2A}"
EndProject
Project("{FAE04EC0-301F-11D3-BF4B-00C04F79EFBC}") = "SnapCardGameLib", "SnapCardGameLib\SnapCardGameLib.csproj", "{8B4603EF-6D30-4DA5-8E24-834750010C27}"
EndProject
Global
	GlobalSection(SolutionConfigurationPlatforms) = preSolution
		Debug|Any CPU = Debug|Any CPU
		Release|Any CPU = Release|Any CPU
	EndGlobalSection
	GlobalSection(ProjectConfigurationPlatforms) = postSolution
		{EADE22DF-D514-4233-AC35-FABBFC1B5C2A}.Debug|Any CPU.ActiveCfg = Debug|Any CPU
		{EADE22DF-D514-4233-AC35-FABBFC1B5C2A}.Debug|Any CPU.Build.0 = Debug|Any CPU
		{EADE22DF-D514-4233-AC35-FABBFC1B5C2A}.Release|Any CPU.ActiveCfg = Release|Any CPU
		{EADE22DF-D514-4233-AC35-FABBFC1B5C2A}.Release|Any CPU.Build.0 = Release|Any CPU
		{8B4603EF-6D30-4DA5-8E24-834750010C27}.Debug|Any CPU.ActiveCfg = Debug|Any CPU
		{8B4603EF-6D30-4DA5-8E24-834750010C27}.Debug|Any CPU.Build.0 = Debug|Any CPU
		{8B4603EF-6D30-4DA5-8E24-834750010C27}.Release|Any CPU.ActiveCfg = Release|Any CPU
		{8B4603EF-6D30-4DA5-8E24-834750010C27}.Release|Any CPU.Build.0 = Release|Any CPU
	EndGlobalSection
	GlobalSection(SolutionProperties) = preSolution
		HideSolutionNode = FALSE
	EndGlobalSection
	GlobalSection(ExtensibilityGlobals) = postSolution
		SolutionGuid = {ACBD04CA-E02E-413E-8009-2B082AB05761}
	EndGlobalSection
EndGlobal
